<?xml version="1.0" encoding="utf-8"?>
<Project ToolsVersion="4.0" xmlns="http://schemas.microsoft.com/developer/msbuild/2003">
  <ItemGroup>
    <ClCompile Include="AssetManager.cpp" />
    <ClCompile Include="CameraControl.cpp" />
    <ClCompile Include="Character.cpp" />
    <ClCompile Include="CharacterBach.cpp" />
    <ClCompile Include="Collision.cpp" />
    <ClCompile Include="ConcertHallStage.cpp" />
    <ClCompile Include="FightState.cpp" />
    <ClCompile Include="Frame.cpp" />
    <ClCompile Include="GameStateManager.cpp" />
    <ClCompile Include="input.cpp" />
    <ClCompile Include="PauseState.cpp" />
    <ClCompile Include="Player.cpp" />
    <ClCompile Include="PlayerSelectState.cpp" />
    <ClCompile Include="ResultsState.cpp" />
    <ClCompile Include="sff.cpp" />
    <ClCompile Include="Stage.cpp" />
    <ClCompile Include="stdafx.cpp" />
  </ItemGroup>
  <ItemGroup>
    <ClInclude Include="AssetManager.h" />
    <ClInclude Include="BachHitstun.h" />
    <ClInclude Include="BachIdle.h" />
    <ClInclude Include="BachJab.h" />
    <ClInclude Include="BachStrong.h" />
    <ClInclude Include="CameraControl.h" />
    <ClInclude Include="Character.h" />
    <ClInclude Include="CharacterBach.h" />
    <ClInclude Include="Collision.h" />
    <ClInclude Include="ConcertHallStage.h" />
    <ClInclude Include="Frame.h" />
    <ClInclude Include="Game.h" />
    <ClInclude Include="FightState.h" />
    <ClInclude Include="GameState.h" />
    <ClInclude Include="GameStateManager.h" />
    <ClInclude Include="input.h" />
    <ClInclude Include="Move.h" />
    <ClInclude Include="PauseState.h" />
    <ClInclude Include="Player.h" />
    <ClInclude Include="PlayerSelectState.h" />
    <ClInclude Include="Resource.h" />
    <ClInclude Include="ResultsState.h" />
    <ClInclude Include="sff.h" />
    <ClInclude Include="Stage.h" />
    <ClInclude Include="stdafx.h" />
    <ClInclude Include="targetver.h" />
  </ItemGroup>
  <ItemGroup>
    <ResourceCompile Include="sff.rc" />
  </ItemGroup>
  <ItemGroup>
    <Image Include="sff.ico" />
    <Image Include="small.ico" />
  </ItemGroup>
  <ItemGroup>
    <Text Include="ReadMe.txt" />
  </ItemGroup>
  <ItemGroup>
    <None Include="SFFProperties.props" />
  </ItemGroup>
</Project>