<?xml version="1.0" encoding="utf-8"?>
<Project ToolsVersion="4.0" xmlns="http://schemas.microsoft.com/developer/msbuild/2003">
  <ItemGroup>
    <Filter Include="Resource Files">
      <UniqueIdentifier>{67DA6AB6-F800-4c08-8B7A-83BB121AAD01}</UniqueIdentifier>
      <Extensions>rc;ico;cur;bmp;dlg;rc2;rct;bin;rgs;gif;jpg;jpeg;jpe;resx;tiff;tif;png;wav;mfcribbon-ms</Extensions>
    </Filter>
    <Filter Include="Bach">
      <UniqueIdentifier>{2111c5a7-8697-41bb-9a89-abcdcb34586d}</UniqueIdentifier>
    </Filter>
    <Filter Include="sff headers">
      <UniqueIdentifier>{93995380-89BD-4b04-88EB-625FBE52EBFB}</UniqueIdentifier>
      <Extensions>h;hh;hpp;hxx;hm;inl;inc;xsd</Extensions>
    </Filter>
    <Filter Include="sff source">
      <UniqueIdentifier>{4FC737F1-C7A5-4376-A066-2A32D752A2FF}</UniqueIdentifier>
      <Extensions>cpp;c;cc;cxx;def;odl;idl;hpj;bat;asm;asmx</Extensions>
    </Filter>
    <Filter Include="GameStates">
      <UniqueIdentifier>{4f2ee1c2-76cc-4b97-8fea-af4528cb9b6c}</UniqueIdentifier>
    </Filter>
    <Filter Include="GameStates\Headers">
      <UniqueIdentifier>{2e071178-ab6d-4216-a1d3-8444c96154bf}</UniqueIdentifier>
    </Filter>
    <Filter Include="GameStates\Source">
      <UniqueIdentifier>{43769c8b-f581-433a-b3c0-0e3825f227bd}</UniqueIdentifier>
    </Filter>
  </ItemGroup>
  <ItemGroup>
    <ClInclude Include="stdafx.h">
      <Filter>sff headers</Filter>
    </ClInclude>
    <ClInclude Include="targetver.h">
      <Filter>sff headers</Filter>
    </ClInclude>
    <ClInclude Include="Resource.h">
      <Filter>sff headers</Filter>
    </ClInclude>
    <ClInclude Include="sff.h">
      <Filter>sff headers</Filter>
    </ClInclude>
    <ClInclude Include="Game.h">
      <Filter>sff headers</Filter>
    </ClInclude>
    <ClInclude Include="Character.h">
      <Filter>sff headers</Filter>
    </ClInclude>
    <ClInclude Include="Frame.h">
      <Filter>sff headers</Filter>
    </ClInclude>
    <ClInclude Include="Player.h">
      <Filter>sff headers</Filter>
    </ClInclude>
    <ClInclude Include="Move.h">
      <Filter>sff headers</Filter>
    </ClInclude>
    <ClInclude Include="input.h">
      <Filter>sff headers</Filter>
    </ClInclude>
    <ClInclude Include="CharacterBach.h">
      <Filter>Bach</Filter>
    </ClInclude>
    <ClInclude Include="BachJab.h">
      <Filter>Bach</Filter>
    </ClInclude>
    <ClInclude Include="BachIdle.h">
      <Filter>Bach</Filter>
    </ClInclude>
    <ClInclude Include="PauseState.h">
      <Filter>GameStates\Headers</Filter>
    </ClInclude>
    <ClInclude Include="FightState.h">
      <Filter>GameStates\Headers</Filter>
    </ClInclude>
    <ClInclude Include="GameState.h">
      <Filter>GameStates\Headers</Filter>
    </ClInclude>
    <ClInclude Include="GameStateManager.h">
      <Filter>GameStates\Headers</Filter>
    </ClInclude>
    <ClInclude Include="PlayerSelectState.h">
      <Filter>GameStates\Headers</Filter>
    </ClInclude>
    <ClInclude Include="BachHitstun.h">
      <Filter>Bach</Filter>
    </ClInclude>
    <ClInclude Include="BachStrong.h">
      <Filter>Bach</Filter>
    </ClInclude>
    <ClInclude Include="AssetManager.h">
      <Filter>sff headers</Filter>
    </ClInclude>
    <ClInclude Include="CameraControl.h">
      <Filter>sff headers</Filter>
    </ClInclude>
    <ClInclude Include="Collision.h">
      <Filter>sff headers</Filter>
    </ClInclude>
    <ClInclude Include="ConcertHallStage.h">
      <Filter>sff headers</Filter>
    </ClInclude>
    <ClInclude Include="Stage.h">
      <Filter>sff headers</Filter>
    </ClInclude>
    <ClInclude Include="ResultsState.h">
      <Filter>GameStates\Headers</Filter>
    </ClInclude>
    <ClInclude Include="BachShoryuken.h">
      <Filter>Bach</Filter>
    </ClInclude>
    <ClInclude Include="BachBlockstun.h">
      <Filter>Bach</Filter>
    </ClInclude>
    <ClInclude Include="BachRoundhouse.h">
      <Filter>Bach</Filter>
    </ClInclude>
    <ClInclude Include="BachForward.h">
      <Filter>Bach</Filter>
    </ClInclude>
    <ClInclude Include="BachShort.h">
      <Filter>Bach</Filter>
    </ClInclude>
    <ClInclude Include="BachFierce.h">
      <Filter>Bach</Filter>
    </ClInclude>
    <ClInclude Include="BachTatsu.h">
      <Filter>Bach</Filter>
    </ClInclude>
    <ClInclude Include="BeatIndicator.h">
      <Filter>sff headers</Filter>
    </ClInclude>
    <ClInclude Include="Bassline.h">
      <Filter>sff headers</Filter>
    </ClInclude>
    <ClInclude Include="BachSuper.h">
      <Filter>Bach</Filter>
    </ClInclude>
    <ClInclude Include="CollisionManager.h">
      <Filter>sff headers</Filter>
    </ClInclude>
    <ClInclude Include="UI.h">
      <Filter>sff headers</Filter>
    </ClInclude>
    <ClInclude Include="BachGrab.h">
      <Filter>sff headers</Filter>
    </ClInclude>
    <ClInclude Include="BachGrab.h">
      <Filter>sff headers</Filter>
    </ClInclude>
    <ClInclude Include="BachGrab.h">
      <Filter>sff headers</Filter>
    </ClInclude>
    <ClInclude Include="BachGrab.h">
      <Filter>sff headers</Filter>
    </ClInclude>
  </ItemGroup>
  <ItemGroup>
    <ClCompile Include="stdafx.cpp">
      <Filter>sff source</Filter>
    </ClCompile>
    <ClCompile Include="sff.cpp">
      <Filter>sff source</Filter>
    </ClCompile>
    <ClCompile Include="input.cpp">
      <Filter>sff source</Filter>
    </ClCompile>
    <ClCompile Include="Character.cpp">
      <Filter>sff source</Filter>
    </ClCompile>
    <ClCompile Include="Frame.cpp">
      <Filter>sff source</Filter>
    </ClCompile>
    <ClCompile Include="Player.cpp">
      <Filter>sff source</Filter>
    </ClCompile>
    <ClCompile Include="CharacterBach.cpp">
      <Filter>Bach</Filter>
    </ClCompile>
    <ClCompile Include="PauseState.cpp">
      <Filter>GameStates\Source</Filter>
    </ClCompile>
    <ClCompile Include="GameStateManager.cpp">
      <Filter>GameStates\Source</Filter>
    </ClCompile>
    <ClCompile Include="PlayerSelectState.cpp">
      <Filter>GameStates\Source</Filter>
    </ClCompile>
    <ClCompile Include="FightState.cpp">
      <Filter>GameStates\Source</Filter>
    </ClCompile>
    <ClCompile Include="AssetManager.cpp">
      <Filter>sff source</Filter>
    </ClCompile>
    <ClCompile Include="CameraControl.cpp">
      <Filter>sff source</Filter>
    </ClCompile>
    <ClCompile Include="Collision.cpp">
      <Filter>sff source</Filter>
    </ClCompile>
    <ClCompile Include="ConcertHallStage.cpp">
      <Filter>sff source</Filter>
    </ClCompile>
    <ClCompile Include="Stage.cpp">
      <Filter>sff source</Filter>
    </ClCompile>
    <ClCompile Include="ResultsState.cpp">
      <Filter>GameStates\Source</Filter>
    </ClCompile>
    <ClCompile Include="BeatIndicator.cpp">
      <Filter>sff source</Filter>
    </ClCompile>
    <ClCompile Include="Bassline.cpp">
      <Filter>sff source</Filter>
    </ClCompile>
    <ClCompile Include="UI.cpp">
      <Filter>sff source</Filter>
    </ClCompile>
  </ItemGroup>
  <ItemGroup>
    <ResourceCompile Include="sff.rc">
      <Filter>Resource Files</Filter>
    </ResourceCompile>
  </ItemGroup>
  <ItemGroup>
    <Image Include="small.ico">
      <Filter>Resource Files</Filter>
    </Image>
    <Image Include="sff.ico">
      <Filter>Resource Files</Filter>
    </Image>
    <Image Include="sprites\bach.png">
      <Filter>Resource Files</Filter>
    </Image>
    <Image Include="sprites\bach_block.png">
      <Filter>Resource Files</Filter>
    </Image>
    <Image Include="sprites\bach_default.png">
      <Filter>Resource Files</Filter>
    </Image>
    <Image Include="sprites\bach_fierce.png">
      <Filter>Resource Files</Filter>
    </Image>
    <Image Include="sprites\bach_forward.png">
      <Filter>Resource Files</Filter>
    </Image>
    <Image Include="sprites\bach_furious_fugue_flail.png">
      <Filter>Resource Files</Filter>
    </Image>
    <Image Include="sprites\bach_hitstun.png">
      <Filter>Resource Files</Filter>
    </Image>
    <Image Include="sprites\bach_idle.png">
      <Filter>Resource Files</Filter>
    </Image>
    <Image Include="sprites\bach_jab.png">
      <Filter>Resource Files</Filter>
    </Image>
    <Image Include="sprites\bach_roundhouse.png">
      <Filter>Resource Files</Filter>
    </Image>
    <Image Include="sprites\bach_short.png">
      <Filter>Resource Files</Filter>
    </Image>
    <Image Include="sprites\bach_strong.png">
      <Filter>Resource Files</Filter>
    </Image>
    <Image Include="sprites\bach_toccata_and_kick_ur_ass_in_d_minor.png">
      <Filter>Resource Files</Filter>
    </Image>
    <Image Include="sprites\Bachgrab.png">
      <Filter>Resource Files</Filter>
    </Image>
    <Image Include="sprites\Bachmissgrab.png">
      <Filter>Resource Files</Filter>
    </Image>
    <Image Include="sprites\bachs_big_bash.png">
      <Filter>Resource Files</Filter>
    </Image>
    <Image Include="sprites\fbicon.png">
      <Filter>Resource Files</Filter>
    </Image>
    <Image Include="sprites\hit_spark.png">
      <Filter>Resource Files</Filter>
    </Image>
    <Image Include="sprites\metro_indicator.png">
      <Filter>Resource Files</Filter>
    </Image>
    <Image Include="sprites\Ryu.png">
      <Filter>Resource Files</Filter>
    </Image>
  </ItemGroup>
</Project>